{
    "_meta": {
        "hash": {
            "sha256": "421322024fe328f105f8b2642f45fdfcddf724b5220c0beadbe2001554f1b0cc"
        },
        "pipfile-spec": 6,
        "requires": {
            "python_version": "3.8"
        },
        "sources": [
            {
                "name": "pypi",
                "url": "https://pypi.org/simple",
                "verify_ssl": true
            }
        ]
    },
    "default": {
        "adal": {
            "hashes": [
                "sha256:7492aff8f0ba7dd4e1c477303295c645141540fff34c3ca6de0a0b0e6c1c122a",
                "sha256:8003ba03ef04170195b3eddda8a5ab43649ef2c5f0287023d515affb1ccfcfc3"
            ],
            "version": "==1.2.5"
        },
        "aiodns": {
            "hashes": [
                "sha256:815fdef4607474295d68da46978a54481dd1e7be153c7d60f9e72773cd38d77d",
                "sha256:aaa5ac584f40fe778013df0aa6544bf157799bd3f608364b451840ed2c8688de"
            ],
            "version": "==2.0.0"
        },
        "aiohttp": {
            "hashes": [
                "sha256:00496dc15c3dd921218664b7aa55405d9032cb9523ccf812835ffc5e229d4b8e",
                "sha256:00f258b8b1e40f87358095ef62ec0547df3f1bd30ce228af98ffe5aad4aaf864",
                "sha256:04f9d70f6c4d089be5068d7df6281e638f6820d4f1b1ec3dc012b0b43fa997d2",
                "sha256:08dabb185c6af8b741c315c0f871ea63267f3b3f835e77743f9270c44a3b422c",
                "sha256:1b328022c11531b174281736a20e464d7c9ca390232f1b2cca6f77074c438859",
                "sha256:1daa3fe52f632c51b064804a23df40bd1089e337b131f29b4bde2968ad414ed8",
                "sha256:21d6b65bb3e14e82d358fa2d7ed193d1dae6592b79525ce484e58a65fcfb57c9",
                "sha256:26c1264409ca2d76b57ead2f5c2d22cb4510682f35e449c3a3afa98d4a7be462",
                "sha256:27dce131d4283a30045c7af5ae9faf07f2bdaa89d845bd3b9a3d3dabc730f06f",
                "sha256:38768355d2f430b32b6013b5a274d74458f65db618c4f4721cd24db4586acf10",
                "sha256:4c6f3a389b8d6509a8d7b6639ec8bd50418a5a81e821f38ddec0d9226e4998b6",
                "sha256:4d14d823e8c017be21e740d169bd9142fdfc8cc124954787e1e6336dbe1b8612",
                "sha256:4f9395802ca6d133e5106f4d328949fcb22c3f5ee65e87c1e586d5f5952d3397",
                "sha256:4fbe2e7642f9c78474cc5819420b77fc20de2114e0139838332b428aa14e1e07",
                "sha256:52ba0350c03814f30156f65c76a303275fb616e81e70e345b066c761280f6762",
                "sha256:6072fd5b635b276071c2eda77931adb6254a6271645a260c63f7dd4a0872b04b",
                "sha256:628c9f2a590a0be02967ce014255868e8e6dc780649677ab43f87f8c3114e89d",
                "sha256:6c971a9728957df5e1cd7dda3a557382ca965f7d8d038f901c7c60fc502b9245",
                "sha256:729deb9d0f56211ea4657c7d20ab134c0403173308d9ba21debe20d35a37302c",
                "sha256:85dbf57ca00a4b01e4a31bd27971e420984ce9075cf462dd02d6c0c9b537e29c",
                "sha256:8d194780edba342302472ae7caf6397293128f906e5e64bd3fe209462ff9e1c1",
                "sha256:910b1f98412690341aaa73ae70ee185da0dbd6768de7b89c5b6c805119eff4a3",
                "sha256:96ce3cd77e0fa4ad3c579346d9796b837a58a094881b22e974b6c3df98cf8e4a",
                "sha256:9e3ad780feccf411c300705dd56226bdbc991ee260138bd1b5059a4674176513",
                "sha256:a04dc48f0117089860200847f24862ac084e0f25454c7507b40ce2715f92197b",
                "sha256:a6fa0dea87eec5179e4dc8974d8f20385ed030df272c64b2db75db62be3f3dd7",
                "sha256:a86c99e7bca0909942adc51411e57d15ef64604cc0f4ecf3bf0a24a634264f3e",
                "sha256:af8470ed2420dc9d6edcbc255204edbf3d3ba9eaa94bc1c3a470e328722a0fa2",
                "sha256:c49905707caf50a516e407c6e0381f45d76781b1ee1f5ecde2a624961768f2fd",
                "sha256:d6ec3d2c49353756f781111c0c2024ae422ba2338bf179940c298d4099fda277",
                "sha256:db38a398227b3faac6bf8e6da806a2a4d2cbc3dbd0aa8b9f76e5624539a756db",
                "sha256:e51141d86d19c641c1c52f04095a8af5bf1208182b3a0bc16144bce050d3f8f5",
                "sha256:fb7d473b5faa75341f4acb659267d16f300ebd28a7575b5c58cc467bfabb0fd4"
            ],
            "markers": "python_version >= '3.6'",
            "version": "==3.7.1"
        },
        "aiorun": {
            "hashes": [
                "sha256:60c7d219899072ff5ba33bffc0b257b63bc62947e20e4e3f9ce3a7bc7299823d",
                "sha256:90c59155711011f97bb5daaec581bb41110ea76860e709e86c1f2612aa2e409d"
            ],
            "markers": "python_version >= '3.5'",
            "version": "==2020.6.1"
        },
        "aiosmtplib": {
            "hashes": [
                "sha256:8270d0a06475aa05b9276fc954fbd08a1f6c59d0452b4899413d8bca1db24541",
                "sha256:93e53edac183f1a608bc34464efeef23902e59e949017b1682014f59ecdcd37d"
            ],
            "markers": "python_full_version >= '3.5.2' and python_full_version < '4.0.0'",
            "version": "==1.1.4"
        },
        "appdirs": {
            "hashes": [
                "sha256:7d5d0167b2b1ba821647616af46a749d1c653740dd0d2415100fe26e27afdf41",
                "sha256:a841dacd6b99318a741b166adb07e19ee71a274450e68237b4650ca1055ab128"
            ],
            "version": "==1.4.4"
        },
        "async-timeout": {
            "hashes": [
                "sha256:0c3c816a028d47f659d6ff5c745cb2acf1f966da1fe5c19c77a70282b25f4c5f",
                "sha256:4291ca197d287d274d0b6cb5d6f8f8f82d434ed288f962539ff18cc9012f9ea3"
            ],
            "markers": "python_full_version >= '3.5.3'",
            "version": "==3.0.1"
        },
        "attrs": {
            "hashes": [
                "sha256:26b54ddbbb9ee1d34d5d3668dd37d6cf74990ab23c828c2888dccdceee395594",
                "sha256:fce7fc47dfc976152e82d53ff92fa0407700c21acd20886a13777a0d20e655dc"
            ],
            "markers": "python_version >= '2.7' and python_version not in '3.0, 3.1, 3.2, 3.3'",
            "version": "==20.2.0"
        },
        "azure-common": {
            "hashes": [
                "sha256:ce0f1013e6d0e9faebaf3188cc069f4892fc60a6ec552e3f817c1a2f92835054",
                "sha256:fd02e4256dc9cdd2d4422bc795bdca2ef302f7a86148b154fbf4ea1f09da400a"
            ],
            "version": "==1.1.25"
        },
        "azure-core": {
            "hashes": [
                "sha256:621b53271f7988b766f8a7d7f7a2c44241e3d2c1d8db13e68089d6da6241748e",
                "sha256:be23d411e19874f375c2ef0327c452be10b1e9a1023ac6afe334598f2920136b"
            ],
            "version": "==1.8.2"
        },
        "azure-identity": {
            "hashes": [
                "sha256:6f95b3505fc134ad16bd16da053456e1933188ac43161704d48ddb4edebf72c9",
                "sha256:7b071089faf0789059ac24052e311e2b096a002c173d42b96896db09c6e2ba5d"
            ],
            "version": "==1.4.1"
        },
        "azure-keyvault": {
            "hashes": [
                "sha256:5fa0438f7f6e2e79543f2724957acf77c3c187e558f4d030a4f9b7493b9f946d",
                "sha256:69002a546921a8290eb54d9a3805cfc515c321bc1d4c0bfcfb463620245eca40"
            ],
            "version": "==4.1.0"
        },
        "azure-keyvault-certificates": {
            "hashes": [
                "sha256:9959a1e49cac4dfaa8e7e36c86fe7d7c4159a3b76a29788d042d41ec41200a8b",
                "sha256:ea651883ad00d0a9a25b38e51feff7111f6c7099c6fb2597598da5bb21d3451c"
            ],
            "version": "==4.2.1"
        },
        "azure-keyvault-keys": {
            "hashes": [
                "sha256:064a98791fe447a0e57850bb5ec1ec43e7d5fd39266319b5acc44a9704a3b966",
                "sha256:a50e6f663378f3603a66d80c7c01e9544ae7e9cfdf4d3a3ae92f5df9fb9f64da"
            ],
            "version": "==4.3.0"
        },
        "azure-keyvault-secrets": {
            "hashes": [
                "sha256:08b8aa518590c394477514f4a0a5d9e557a00ff164de9f6f6e7b112f8d5e6aa1",
                "sha256:1083ab900da5ec63c518ffef49d9fdca02c81ddffdf80c52c03cd9da479e021f"
            ],
            "version": "==4.2.0"
        },
        "azure-servicebus": {
            "hashes": [
                "sha256:2b1e60c81fcf5b6a5bb3ceddb27f24543f479912e39a4706a390a16d8c0a71f4",
                "sha256:e47af28d0eb1fb278bfb94fbf1ffa4f88e8d64f4101400bf1fd053a86e4ba6b4"
            ],
            "version": "==0.50.3"
        },
        "azure-storage-blob": {
            "hashes": [
                "sha256:1469a5a0410296fb5ff96c326618d939c9cb0c0ea45eb931c89c98fa742d8daa",
                "sha256:6f2de5b60f16141731b7561c218a8455053bcdb9b3775a0e5364fb2b041bcf1e"
            ],
            "version": "==12.5.0"
        },
        "cchardet": {
            "hashes": [
                "sha256:0f6e4e464e332da776b9c1a34e4e83b6301d38c2724efc93848c46ade66d02bb",
                "sha256:217a7008bd399bdb61f6a0a2570acc5c3a9f96140e0a0d089b9e748c4d4e4c4e",
                "sha256:27b0f23088873d1dd36d2c8a2e45c9167e312e1aac7e4baeb47f7428a2669638",
                "sha256:2a958fb093f69ee5f16be7a1aee5122e07aff4350fa4dc9b953b87c34468e605",
                "sha256:2aa1b008965c703ad6597361b0f6d427c8971fe94a2c99ec3724c228ae50d6a6",
                "sha256:2c05b66b12f9ab0493c5ffb666036fd8c9004a9cc9d5a9264dc24738b50ab8c3",
                "sha256:4096759825a130cb27a58ddf6d58e10abdd0127d29fbf53fde26df7ad879737b",
                "sha256:40c199f9c0569ac479fae7c4e12d2e16fc1e8237836b928474fdd228b8d11477",
                "sha256:4486f6e5bdf06f0081d13832f2a061d9e90597eb02093fda9d37e3985e3b2ef2",
                "sha256:54d2653520237ebbd2928f2c0f2eb7c616ee2b5194d73d945060cd54a7846b64",
                "sha256:5e38cfad9d3ca0f571c4352e9ca0f5ab718508f492a37d3236ae70810140e250",
                "sha256:68409e00d75ff13dd7a192ec49559f5527ee8959a51a9f4dd7b168df972b4d44",
                "sha256:79b0e113144c2ef0050bc9fe647c7657c5298f3012ecd8937d930b24ddd61404",
                "sha256:7a2d98df461d3f36b403fdd8d7890c823ed05bd98eb074412ed56fbfedb94751",
                "sha256:7bba1cbb4358dc9a2d2da00f4b38b159a5483d2f3b1d698a7c2cae518f955170",
                "sha256:84d2ce838cf3c2fe7f0517941702d42f7e598e5173632ec47a113cd521669b98",
                "sha256:8b1d02c99f6444c63336a76638741eaf4ac4005b454e3b8252a40074bf0d84a1",
                "sha256:8f7ade2578b2326a0a554c03f60c8d079331220179a592e83e143c9556b7f5b2",
                "sha256:953fe382304b19f5aa8fc2da4b092a3bb58a477d33af4def4b81abdce4c9288c",
                "sha256:acc96b4a8f756af289fa90ffa67ddef57401d99131e51e71872e3609483941ce",
                "sha256:af284494ea6c40f9613b4d939abe585eb9290cb92037eab66122c93190fcb338",
                "sha256:b76afb2059ad69eab576949980a17413c1e9e5a5624abf9e43542d8853f146b3",
                "sha256:ccb9f6f06265382028468b47e726f2d42539256fb498d1b0e473c39037b42b8a",
                "sha256:cf134e1cfb0c53f08abb1ab9158a7e7f859c3ddb451d5fe535a2cc5f2958a688",
                "sha256:dff9480d9b6260f59ad10e1cec5be13905be5da88a4a2bd5a5bd4d49c49c4a05",
                "sha256:e27771798c8ad50df1375e762d59369354af94eb8ac21eca5bfd1eeef589f545",
                "sha256:f245f045054e8d6dab2a0e366d3c74f3a47fb7dec2595ae2035b234b1a829c7a",
                "sha256:f5c94994d876d8709847c3a92643309d716f43716580a2e5831262366a9ee8b6",
                "sha256:fd16f57ce42a72397cd9fe38977fc809eb02172731cb354572f28a6d8e4cf322"
            ],
            "version": "==2.1.6"
        },
        "certifi": {
            "hashes": [
                "sha256:5930595817496dd21bb8dc35dad090f1c2cd0adfaf21204bf6732ca5d8ee34d3",
                "sha256:8fc0819f1f30ba15bdb34cceffb9ef04d99f420f68eb75d901e9560b8749fc41"
            ],
            "version": "==2020.6.20"
        },
        "cffi": {
            "hashes": [
                "sha256:005f2bfe11b6745d726dbb07ace4d53f057de66e336ff92d61b8c7e9c8f4777d",
                "sha256:09e96138280241bd355cd585148dec04dbbedb4f46128f340d696eaafc82dd7b",
                "sha256:0b1ad452cc824665ddc682400b62c9e4f5b64736a2ba99110712fdee5f2505c4",
                "sha256:0ef488305fdce2580c8b2708f22d7785ae222d9825d3094ab073e22e93dfe51f",
                "sha256:15f351bed09897fbda218e4db5a3d5c06328862f6198d4fb385f3e14e19decb3",
                "sha256:22399ff4870fb4c7ef19fff6eeb20a8bbf15571913c181c78cb361024d574579",
                "sha256:23e5d2040367322824605bc29ae8ee9175200b92cb5483ac7d466927a9b3d537",
                "sha256:2791f68edc5749024b4722500e86303a10d342527e1e3bcac47f35fbd25b764e",
                "sha256:2f9674623ca39c9ebe38afa3da402e9326c245f0f5ceff0623dccdac15023e05",
                "sha256:3363e77a6176afb8823b6e06db78c46dbc4c7813b00a41300a4873b6ba63b171",
                "sha256:33c6cdc071ba5cd6d96769c8969a0531be2d08c2628a0143a10a7dcffa9719ca",
                "sha256:3b8eaf915ddc0709779889c472e553f0d3e8b7bdf62dab764c8921b09bf94522",
                "sha256:3cb3e1b9ec43256c4e0f8d2837267a70b0e1ca8c4f456685508ae6106b1f504c",
                "sha256:3eeeb0405fd145e714f7633a5173318bd88d8bbfc3dd0a5751f8c4f70ae629bc",
                "sha256:44f60519595eaca110f248e5017363d751b12782a6f2bd6a7041cba275215f5d",
                "sha256:4d7c26bfc1ea9f92084a1d75e11999e97b62d63128bcc90c3624d07813c52808",
                "sha256:529c4ed2e10437c205f38f3691a68be66c39197d01062618c55f74294a4a4828",
                "sha256:6642f15ad963b5092d65aed022d033c77763515fdc07095208f15d3563003869",
                "sha256:85ba797e1de5b48aa5a8427b6ba62cf69607c18c5d4eb747604b7302f1ec382d",
                "sha256:8f0f1e499e4000c4c347a124fa6a27d37608ced4fe9f7d45070563b7c4c370c9",
                "sha256:a624fae282e81ad2e4871bdb767e2c914d0539708c0f078b5b355258293c98b0",
                "sha256:b0358e6fefc74a16f745afa366acc89f979040e0cbc4eec55ab26ad1f6a9bfbc",
                "sha256:bbd2f4dfee1079f76943767fce837ade3087b578aeb9f69aec7857d5bf25db15",
                "sha256:bf39a9e19ce7298f1bd6a9758fa99707e9e5b1ebe5e90f2c3913a47bc548747c",
                "sha256:c11579638288e53fc94ad60022ff1b67865363e730ee41ad5e6f0a17188b327a",
                "sha256:c150eaa3dadbb2b5339675b88d4573c1be3cb6f2c33a6c83387e10cc0bf05bd3",
                "sha256:c53af463f4a40de78c58b8b2710ade243c81cbca641e34debf3396a9640d6ec1",
                "sha256:cb763ceceae04803adcc4e2d80d611ef201c73da32d8f2722e9d0ab0c7f10768",
                "sha256:cc75f58cdaf043fe6a7a6c04b3b5a0e694c6a9e24050967747251fb80d7bce0d",
                "sha256:d80998ed59176e8cba74028762fbd9b9153b9afc71ea118e63bbf5d4d0f9552b",
                "sha256:de31b5164d44ef4943db155b3e8e17929707cac1e5bd2f363e67a56e3af4af6e",
                "sha256:e66399cf0fc07de4dce4f588fc25bfe84a6d1285cc544e67987d22663393926d",
                "sha256:f0620511387790860b249b9241c2f13c3a80e21a73e0b861a2df24e9d6f56730",
                "sha256:f4eae045e6ab2bb54ca279733fe4eb85f1effda392666308250714e01907f394",
                "sha256:f92cdecb618e5fa4658aeb97d5eb3d2f47aa94ac6477c6daf0f306c5a3b9e6b1",
                "sha256:f92f789e4f9241cd262ad7a555ca2c648a98178a953af117ef7fad46aa1d5591"
            ],
            "version": "==1.14.3"
        },
        "chardet": {
            "hashes": [
                "sha256:84ab92ed1c4d4f16916e05906b6b75a6c0fb5db821cc65e70cbd64a3e2a5eaae",
                "sha256:fc323ffcaeaed0e0a02bf4d117757b98aed530d9ed4531e3e15460124c106691"
            ],
            "version": "==3.0.4"
        },
        "click": {
            "hashes": [
                "sha256:d2b5255c7c6349bc1bd1e59e08cd12acbbd63ce649f2588755783aa94dfb6b1a",
                "sha256:dacca89f4bfadd5de3d7489b7c8a566eee0d3676333fbb50030263894c38c0dc"
            ],
            "markers": "python_version >= '2.7' and python_version not in '3.0, 3.1, 3.2, 3.3, 3.4'",
            "version": "==7.1.2"
        },
        "cryptography": {
            "hashes": [
                "sha256:22f8251f68953553af4f9c11ec5f191198bc96cff9f0ac5dd5ff94daede0ee6d",
                "sha256:284e275e3c099a80831f9898fb5c9559120d27675c3521278faba54e584a7832",
                "sha256:3e17d02941c0f169c5b877597ca8be895fca0e5e3eb882526a74aa4804380a98",
                "sha256:52a47e60953679eea0b4d490ca3c241fb1b166a7b161847ef4667dfd49e7699d",
                "sha256:57b8c1ed13b8aa386cabbfde3be175d7b155682470b0e259fecfe53850967f8a",
                "sha256:6a8f64ed096d13f92d1f601a92d9fd1f1025dc73a2ca1ced46dcf5e0d4930943",
                "sha256:6e8a3c7c45101a7eeee93102500e1b08f2307c717ff553fcb3c1127efc9b6917",
                "sha256:7ef41304bf978f33cfb6f43ca13bb0faac0c99cda33693aa20ad4f5e34e8cb8f",
                "sha256:87c2fffd61e934bc0e2c927c3764c20b22d7f5f7f812ee1a477de4c89b044ca6",
                "sha256:88069392cd9a1e68d2cfd5c3a2b0d72a44ef3b24b8977a4f7956e9e3c4c9477a",
                "sha256:8a0866891326d3badb17c5fd3e02c926b635e8923fa271b4813cd4d972a57ff3",
                "sha256:8f0fd8b0751d75c4483c534b209e39e918f0d14232c0d8a2a76e687f64ced831",
                "sha256:9a07e6d255053674506091d63ab4270a119e9fc83462c7ab1dbcb495b76307af",
                "sha256:9a8580c9afcdcddabbd064c0a74f337af74ff4529cdf3a12fa2e9782d677a2e5",
                "sha256:bd80bc156d3729b38cb227a5a76532aef693b7ac9e395eea8063ee50ceed46a5",
                "sha256:d1cbc3426e6150583b22b517ef3720036d7e3152d428c864ff0f3fcad2b97591",
                "sha256:e15ac84dcdb89f92424cbaca4b0b34e211e7ce3ee7b0ec0e4f3c55cee65fae5a",
                "sha256:e4789b84f8dedf190148441f7c5bfe7244782d9cbb194a36e17b91e7d3e1cca9",
                "sha256:f01c9116bfb3ad2831e125a73dcd957d173d6ddca7701528eff1e7d97972872c",
                "sha256:f0e3986f6cce007216b23c490f093f35ce2068f3c244051e559f647f6731b7ae",
                "sha256:f2aa3f8ba9e2e3fd49bd3de743b976ab192fbf0eb0348cebde5d2a9de0090a9f",
                "sha256:fb70a4cedd69dc52396ee114416a3656e011fb0311fca55eb55c7be6ed9c8aef"
            ],
            "version": "==3.2"
        },
        "dpath": {
            "hashes": [
                "sha256:bea06b5f4ff620a28dfc9848cf4d6b2bfeed34238edeb8ebe815c433b54eb1fa"
            ],
            "version": "==2.0.1"
        },
        "idna": {
            "hashes": [
                "sha256:b307872f855b18632ce0c21c5e45be78c0ea7ae4c15c828c20788b26921eb3f6",
                "sha256:b97d804b1e9b523befed77c48dacec60e6dcb0b5391d57af6a65a312a90648c0"
            ],
            "markers": "python_version >= '2.7' and python_version not in '3.0, 3.1, 3.2, 3.3'",
            "version": "==2.10"
        },
        "isodate": {
            "hashes": [
                "sha256:2e364a3d5759479cdb2d37cce6b9376ea504db2ff90252a2e5b7cc89cc9ff2d8",
                "sha256:aa4d33c06640f5352aca96e4b81afd8ab3b47337cc12089822d6f322ac772c81"
            ],
            "version": "==0.6.0"
        },
        "marshmallow": {
            "hashes": [
                "sha256:2272273505f1644580fbc66c6b220cc78f893eb31f1ecde2af98ad28011e9811",
                "sha256:47911dd7c641a27160f0df5fd0fe94667160ffe97f70a42c3cc18388d86098cc"
            ],
            "markers": "python_version >= '3.5'",
            "version": "==3.8.0"
        },
        "msal": {
            "hashes": [
                "sha256:7efb0256c96a7b2eadab49ce29ecdb91352a91440c12a40bed44303724b62fda",
                "sha256:d84074a997e6fb2a47e22815dce376adcc8790838b6b1bf1fcea29378e2bf3eb"
            ],
            "version": "==1.5.1"
        },
        "msal-extensions": {
            "hashes": [
                "sha256:31414753c484679bb3b6c6401623eb4c3ccab630af215f2f78c1d5c4f8e1d1a9",
                "sha256:f092246787145ec96d6c3c9f7bedfb837830fe8a79b56180e531fbf28b8de532"
            ],
            "version": "==0.2.2"
        },
        "msrest": {
            "hashes": [
                "sha256:55f8c3940bc5dc609f8cf9fcd639444716cc212a943606756272e0d0017bbb5b",
                "sha256:87aa64948c3ef3dbf6f6956d2240493e68d714e4621b92b65b3c4d5808297929"
            ],
            "version": "==0.6.19"
        },
        "msrestazure": {
            "hashes": [
                "sha256:3de50f56147ef529b31e099a982496690468ecef33f0544cb0fa0cfe1e1de5b9",
                "sha256:a06f0dabc9a6f5efe3b6add4bd8fb623aeadacf816b7a35b0f89107e0544d189"
            ],
            "version": "==0.6.4"
        },
        "multidict": {
            "hashes": [
                "sha256:02b2ea2bb1277a970d238c5c783023790ca94d386c657aeeb165259950951cc6",
                "sha256:0ce1d956ecbf112d49915ebc2f29c03e35fe451fb5e9f491edf9a2f4395ee0af",
                "sha256:0ffdb4b897b15df798c0a5939a0323ccf703f2bae551dfab4eb1af7fbab38ead",
                "sha256:11dcf2366da487d5b9de1d4b2055308c7ed9bde1a52973d07a89b42252af9ebe",
                "sha256:167bd8e6351b57525bbf2d524ca5a133834699a2fcb090aad0c330c6017f3f3e",
                "sha256:1b324444299c3a49b601b1bf621fc21704e29066f6ac2b7d7e4034a4a18662a1",
                "sha256:20eaf1c279c543e07c164e4ac02151488829177da06607efa7ccfecd71b21e79",
                "sha256:2739d1d9237835122b27d88990849ecf41ef670e0fcb876159edd236ca9ef40f",
                "sha256:28b5913e5b6fef273e5d4230b61f33c8a51c3ce5f44a88582dee6b5ca5c9977b",
                "sha256:2b0cfc33f53e5c8226f7d7c4e126fa0780f970ef1e96f7c6353da7d01eafe490",
                "sha256:32f0a904859a6274d7edcbb01752c8ae9c633fb7d1c131771ff5afd32eceee42",
                "sha256:39713fa2c687e0d0e709ad751a8a709ac051fcdc7f2048f6fd09365dd03c83eb",
                "sha256:4ef76ce695da72e176f6a51867afb3bf300ce16ba2597824caaef625af5906a9",
                "sha256:5263359a03368985b5296b7a73363d761a269848081879ba04a6e4bfd0cf4a78",
                "sha256:52b5b51281d760197ce3db063c166fdb626e01c8e428a325aa37198ce31c9565",
                "sha256:5dd303b545b62f9d2b14f99fbdb84c109a20e64a57f6a192fe6aebcb6263b59d",
                "sha256:60af726c19a899ed49bbb276e062f08b80222cb6b9feda44b59a128b5ff52966",
                "sha256:60b12d14bc122ba2dae1e4460a891b3a96e73d815b4365675f6ec0a1725416a5",
                "sha256:620c39b1270b68e194023ad471b6a54bdb517bb48515939c9829b56c783504a3",
                "sha256:62f6e66931fb87e9016e7c1cc806ab4f3e39392fd502362df3cac888078b27cb",
                "sha256:711289412b78cf41a21457f4c806890466013d62bf4296bd3d71fad73ff8a581",
                "sha256:7561a804093ea4c879e06b5d3d18a64a0bc21004bade3540a4b31342b528d326",
                "sha256:786ad04ad954afe9927a1b3049aa58722e182160fe2fcac7ad7f35c93595d4f6",
                "sha256:79dc3e6e7ce853fb7ed17c134e01fcb0d0c826b33201aa2a910fb27ed75c2eb9",
                "sha256:84e4943d8725659942e7401bdf31780acde9cfdaf6fe977ff1449fffafcd93a9",
                "sha256:932964cf57c0e59d1f3fb63ff342440cf8aaa75bf0dbcbad902c084024975380",
                "sha256:a5eca9ee72b372199c2b76672145e47d3c829889eefa2037b1f3018f54e5f67d",
                "sha256:aad240c1429e386af38a2d6761032f0bec5177fed7c5f582c835c99fff135b5c",
                "sha256:bbec545b8f82536bc50afa9abce832176ed250aa22bfff3e20b3463fb90b0b35",
                "sha256:c339b7d73c0ea5c551025617bb8aa1c00a0111187b6545f48836343e6cfbe6a0",
                "sha256:c692087913e12b801a759e25a626c3d311f416252dfba2ecdfd254583427949f",
                "sha256:cda06c99cd6f4a36571bb38e560a6fcfb1f136521e57f612e0bc31957b1cd4bd",
                "sha256:ec8bc0ab00c76c4260a201eaa58812ea8b1b7fde0ecf5f9c9365a182bd4691ed"
            ],
            "markers": "python_version >= '3.5'",
            "version": "==5.0.0"
        },
        "oauthlib": {
            "hashes": [
                "sha256:bee41cc35fcca6e988463cacc3bcb8a96224f470ca547e697b604cc697b2f889",
                "sha256:df884cd6cbe20e32633f1db1072e9356f53638e4361bef4e8b03c9127c9328ea"
            ],
            "markers": "python_version >= '2.7' and python_version not in '3.0, 3.1, 3.2, 3.3'",
            "version": "==3.1.0"
        },
        "portalocker": {
            "hashes": [
                "sha256:34cb36c618d88bcd9079beb36dcdc1848a3e3d92ac4eac59055bdeafc39f9d4a",
                "sha256:6d6f5de5a3e68c4dd65a98ec1babb26d28ccc5e770e07b672d65d5a35e4b2d8a"
            ],
            "markers": "platform_system != 'Windows'",
            "version": "==1.7.1"
        },
        "pycares": {
            "hashes": [
                "sha256:050f00b39ed77ea8a4e555f09417d4b1a6b5baa24bb9531a3e15d003d2319b3f",
                "sha256:0a24d2e580a8eb567140d7b69f12cb7de90c836bd7b6488ec69394d308605ac3",
                "sha256:0c5bd1f6f885a219d5e972788d6eef7b8043b55c3375a845e5399638436e0bba",
                "sha256:11c628402cc8fc8ef461076d4e47f88afc1f8609989ebbff0dbffcd54c97239f",
                "sha256:18dfd4fd300f570d6c4536c1d987b7b7673b2a9d14346592c5d6ed716df0d104",
                "sha256:1917b82494907a4a342db420bc4dd5bac355a5fa3984c35ba9bf51422b020b48",
                "sha256:1b90fa00a89564df059fb18e796458864cc4e00cb55e364dbf921997266b7c55",
                "sha256:1d8d177c40567de78108a7835170f570ab04f09084bfd32df9919c0eaec47aa1",
                "sha256:236286f81664658b32c141c8e79d20afc3d54f6e2e49dfc8b702026be7265855",
                "sha256:2e4f74677542737fb5af4ea9a2e415ec5ab31aa67e7b8c3c969fdb15c069f679",
                "sha256:48a7750f04e69e1f304f4332b755728067e7c4b1abe2760bba1cacd9ff7a847a",
                "sha256:7d86e62b700b21401ffe7fd1bbfe91e08489416fecae99c6570ab023c6896022",
                "sha256:7e2d7effd08d2e5a3cb95d98a7286ebab71ab2fbce84fa93cc2dd56caf7240dd",
                "sha256:81edb016d9e43dde7473bc3999c29cdfee3a6b67308fed1ea21049f458e83ae0",
                "sha256:96c90e11b4a4c7c0b8ff5aaaae969c5035493136586043ff301979aae0623941",
                "sha256:9a0a1845f8cb2e62332bca0aaa9ad5494603ac43fb60d510a61d5b5b170d7216",
                "sha256:a05bbfdfd41f8410a905a818f329afe7510cbd9ee65c60f8860a72b6c64ce5dc",
                "sha256:a5089fd660f0b0d228b14cdaa110d0d311edfa5a63f800618dbf1321dcaef66b",
                "sha256:c457a709e6f2befea7e2996c991eda6d79705dd075f6521593ba6ebc1485b811",
                "sha256:c5cb72644b04e5e5abfb1e10a0e7eb75da6684ea0e60871652f348e412cf3b11",
                "sha256:cce46dd4717debfd2aab79d6d7f0cbdf6b1e982dc4d9bebad81658d59ede07c2",
                "sha256:cfdd1f90bcf373b00f4b2c55ea47868616fe2f779f792fc913fa82a3d64ffe43",
                "sha256:d88a279cbc5af613f73e86e19b3f63850f7a2e2736e249c51995dedcc830b1bb",
                "sha256:eba9a9227438da5e78fc8eee32f32eb35d9a50cf0a0bd937eb6275c7cc3015fe",
                "sha256:eee7b6a5f5b5af050cb7d66ab28179287b416f06d15a8974ac831437fec51336",
                "sha256:f41ac1c858687e53242828c9f59c2e7b0b95dbcd5bdd09c7e5d3c48b0f89a25a",
                "sha256:f8deaefefc3a589058df1b177275f79233e8b0eeee6734cf4336d80164ecd022",
                "sha256:fa78e919f3bd7d6d075db262aa41079b4c02da315c6043c6f43881e2ebcdd623",
                "sha256:fadb97d2e02dabdc15a0091591a972a938850d79ddde23d385d813c1731983f0"
            ],
            "version": "==3.1.1"
        },
        "pycparser": {
            "hashes": [
                "sha256:2d475327684562c3a96cc71adf7dc8c4f0565175cf86b6d7a404ff4c771f15f0",
                "sha256:7582ad22678f0fcd81102833f60ef8d0e57288b6b5fb00323d101be910e35705"
            ],
            "markers": "python_version >= '2.7' and python_version not in '3.0, 3.1, 3.2, 3.3'",
            "version": "==2.20"
        },
        "pyjwt": {
            "extras": [
                "crypto"
            ],
            "hashes": [
                "sha256:5c6eca3c2940464d106b99ba83b00c6add741c9becaec087fb7ccdefea71350e",
                "sha256:8d59a976fb773f3e6a39c85636357c4f0e242707394cadadd9814f5cbaa20e96"
            ],
            "version": "==1.7.1"
        },
        "python-dateutil": {
            "hashes": [
                "sha256:73ebfe9dbf22e832286dafa60473e4cd239f8592f699aa5adaf10050e6e1823c",
                "sha256:75bb3f31ea686f1197762692a9ee6a7550b59fc6ca3a1f4b5d7e32fb98e2da2a"
            ],
            "markers": "python_version >= '2.7' and python_version not in '3.0, 3.1, 3.2, 3.3'",
            "version": "==2.8.1"
        },
        "pyyaml": {
            "hashes": [
                "sha256:06a0d7ba600ce0b2d2fe2e78453a470b5a6e000a985dd4a4e54e436cc36b0e97",
                "sha256:240097ff019d7c70a4922b6869d8a86407758333f02203e0fc6ff79c5dcede76",
                "sha256:4f4b913ca1a7319b33cfb1369e91e50354d6f07a135f3b901aca02aa95940bd2",
                "sha256:69f00dca373f240f842b2931fb2c7e14ddbacd1397d57157a9b005a6a9942648",
                "sha256:73f099454b799e05e5ab51423c7bcf361c58d3206fa7b0d555426b1f4d9a3eaf",
                "sha256:74809a57b329d6cc0fdccee6318f44b9b8649961fa73144a98735b0aaf029f1f",
                "sha256:7739fc0fa8205b3ee8808aea45e968bc90082c10aef6ea95e855e10abf4a37b2",
                "sha256:95f71d2af0ff4227885f7a6605c37fd53d3a106fcab511b8860ecca9fcf400ee",
                "sha256:b8eac752c5e14d3eca0e6dd9199cd627518cb5ec06add0de9d32baeee6fe645d",
                "sha256:cc8955cfbfc7a115fa81d85284ee61147059a753344bc51098f3ccd69b0d7e0c",
                "sha256:d13155f591e6fcc1ec3b30685d50bf0711574e2c0dfffd7644babf8b5102ca1a"
            ],
            "version": "==5.3.1"
        },
        "requests": {
            "hashes": [
                "sha256:b3559a131db72c33ee969480840fff4bb6dd111de7dd27c8ee1f820f4f00231b",
                "sha256:fe75cc94a9443b9246fc7049224f75604b113c36acb93f87b80ed42c44cbb898"
            ],
            "markers": "python_version >= '2.7' and python_version not in '3.0, 3.1, 3.2, 3.3, 3.4'",
            "version": "==2.24.0"
        },
        "requests-oauthlib": {
            "hashes": [
                "sha256:7f71572defaecd16372f9006f33c2ec8c077c3cfa6f5911a9a90202beb513f3d",
                "sha256:b4261601a71fd721a8bd6d7aa1cc1d6a8a93b4a9f5e96626f8e4d91e8beeaa6a",
                "sha256:fa6c47b933f01060936d87ae9327fead68768b69c6c9ea2109c48be30f2d4dbc"
            ],
            "version": "==1.3.0"
        },
        "six": {
            "hashes": [
                "sha256:30639c035cdb23534cd4aa2dd52c3bf48f06e5f4a941509c8bafd8ce11080259",
                "sha256:8b74bedcbbbaca38ff6d7491d76f2b06b3592611af620f8426e82dddb04a5ced"
            ],
            "markers": "python_version >= '2.7' and python_version not in '3.0, 3.1, 3.2, 3.3'",
            "version": "==1.15.0"
        },
        "sremail": {
            "hashes": [
                "sha256:03cef2a96643eb6d760c161ae88338c3e836680d1ef41fd2113b64dcfab9f526",
                "sha256:ccdb3b8d5ea94669ebffaf3c372f52500e6aab8b48377cb424ec2b141a1cca43"
            ],
            "markers": "python_version >= '3.6'",
            "version": "==1.0.1"
        },
        "typing-extensions": {
            "hashes": [
                "sha256:7cb407020f00f7bfc3cb3e7881628838e69d8f3fcab2f64742a5e76b2f841918",
                "sha256:99d4073b617d30288f569d3f13d2bd7548c3a7e4c8de87db09a9d29bb3a4a60c",
                "sha256:dafc7639cde7f1b6e1acc0f457842a83e722ccca8eef5270af2d74792619a89f"
            ],
            "version": "==3.7.4.3"
        },
        "uamqp": {
            "hashes": [
                "sha256:027a0c36c890091b5c9eb0161529b613007bd9ada2bdca7336af07303ce243a9",
                "sha256:0eab1c5179fad2e6d6b443154220c9133fbf779bb245f5e1acc7f541a78aa2e3",
                "sha256:25949bf78dbd9890fa5405adf43b9201665eec7058e423202be21265837400fc",
                "sha256:2d84acd713a9707dce19bcb40f145b429fee6b89f4e10738a2d2ff36ab4af535",
                "sha256:3473c5755557fdf9d064156c5af8fd83a4bd403e10dd942c6a36a402c3952a08",
                "sha256:366a5bcd05acf96c160555a1367f2ed11bcfc442fdb598a74a57c0da66f86378",
                "sha256:3b6ff4f03cd1cc92937b469c9e120f7223a5e799960eb640bc6a36fb0cfb096c",
                "sha256:3e67ca26654f34f4c4ec1234b41a22139cbac13b3d3f6fdbf0cbb0b4ac40e585",
                "sha256:5e4d220eb76e307c2ad22f49d95ee9c974a4a8017c85fc2943b0df2da2ee6895",
                "sha256:6d31a9685e4cdb9ffd44f7bc4c5870a7bb48d9380f8425fde31a2983d6899f4a",
                "sha256:74b68c0858f8974356adf9ce181dd3aec2dc6f2e12572c34eed8783d486bc024",
                "sha256:760c9a9c75a079d7fd70c41def6ffd7692a1817a5460425182d1d009ed19fd24",
                "sha256:7884c2168de62b4bf064af36df8d0a3bee9d2198d660c8dbbcc2f7ac60b9496d",
                "sha256:7a0b2f4efa01e0487bdb0652037ea7ad38d580009ecb8645b90d75630dc7ba34",
                "sha256:808fed9d9791bdbc05291b6c5eccf4e4932629b347b6744d76f6b4e6b63f8ab2",
                "sha256:818e8d210b59f80daa39505feb17b9200be8981516e806ecc3907ea4f3381a99",
                "sha256:85852f054de604a8d632a24afdc004d4e600e2cb9c476714de58c24bb708a75d",
                "sha256:97eae4e7b733a5f6abc90e7877f3d8797e61d44dff506f09f63b198b25ab3a66",
                "sha256:a33bed596e1ef7694d00327d55cf1c791a4b7b2cb171717549c37f90dc70d30d",
                "sha256:a7e764bfaf5d81fc756f987c7a037775d88caaa6b2d604fca4e64fc5fa6f3f66",
                "sha256:a9fd2bee3d0b2bed1bf513b39ae2c76b0bddb637593eed3caa06339ba9c42f64",
                "sha256:abd5f48b557252fc421a8a8ecb5cd8e2990913eaa482ae1a16e4d949fcac8d50",
                "sha256:b218907352147b060e8d782778869f69f9cfdc76c09f5d986a316f75a0cc5de6",
                "sha256:c34a65d36bbe5185225e419ff85585dd89a15958d60b7a4fbac5b0908380f087",
                "sha256:c6657f1d8aae566b89d02c6282827dddcec2a90f75dc0d2d91a47e00c8999d99",
                "sha256:c6c57628c9185da5adefe44ae74f1f3078450847800f13e0216bae4d52170703",
                "sha256:ce4b47c4f6101933a9dc6d87717c85240e4d68a17e3f967ed790a7cd19c57a51",
                "sha256:d1e1542241ea0fa8f3e18c4bf3788e2f0a2d1f9379094d6dca3de297c3082c17",
                "sha256:dcc9e17206c236fff2ba50cd80cc60a095000854d40c1b0dba180b3f22e6778e",
                "sha256:e067ca5459490676242909d7fa300ce48ab59a3b718bc80838e67294f0941225",
                "sha256:f5d360be35f2ebad97d5d76adc9a5792204ecad86334fe7e9be2faa184e94d06",
                "sha256:f85643a2a509f01134aed11974b5331e7302bd2c319527bdd0b19033d0d26c57",
                "sha256:ff8b6ece15f55f778e313e59e719c9d4981f40c720ffd3764957b91ab8b4a248"
            ],
            "markers": "python_version >= '2.7' and python_version not in '3.0, 3.1, 3.2, 3.3'",
            "version": "==1.2.12"
        },
        "urllib3": {
            "hashes": [
                "sha256:8d7eaa5a82a1cac232164990f04874c594c9453ec55eef02eab885aa02fc17a2",
                "sha256:f5321fbe4bf3fefa0efd0bfe7fb14e90909eb62a48ccda331726b4319897dd5e"
            ],
            "markers": "python_version >= '2.7' and python_version not in '3.0, 3.1, 3.2, 3.3, 3.4' and python_version < '4'",
            "version": "==1.25.11"
        },
        "victoria": {
            "hashes": [
                "sha256:899f6ae1abd6a0cb7599f260a423b61439c00a0e879e664415e8fcfc80405fc1",
                "sha256:b3de3edd96b4dd7538ad023d8208ed4fcfe51df9b015d5cd782f0c60cb6972a7"
            ],
            "markers": "python_version >= '3.6'",
            "version": "==0.7.8"
        },
        "victoria-email": {
            "hashes": [
                "sha256:80792989375fe57a05233639f675755d402798075cca5310a6b302531253fa4c",
                "sha256:e1d94132e6906b1b88a548eab96f8aa7547acd75af6ee9d2e340e28801128754"
            ],
            "index": "pypi",
            "version": "==0.1.5"
        },
        "yarl": {
            "hashes": [
                "sha256:03b7a44384ad60be1b7be93c2a24dc74895f8d767ea0bce15b2f6fc7695a3843",
                "sha256:076157404db9db4bb3fa9db22db319bbb36d075eeab19ba018ce20ae0cacf037",
                "sha256:1c05ae3d5ea4287470046a2c2754f0a4c171b84ea72c8a691f776eb1753dfb91",
                "sha256:2467baf8233f7c64048df37e11879c553943ffe7f373e689711ec2807ea13805",
                "sha256:2bb2e21cf062dfbe985c3cd4618bae9f25271efcad9e7be1277861247eee9839",
                "sha256:311effab3b3828ab34f0e661bb57ff422f67d5c33056298bda4c12195251f8dd",
                "sha256:3526cb5905907f0e42bee7ef57ae4a5f02bc27dcac27859269e2bba0caa4c2b6",
                "sha256:39b1e586f34b1d2512c9b39aa3cf24c870c972d525e36edc9ee19065db4737bb",
                "sha256:4bed5cd7c8e69551eb19df15295ba90e62b9a6a1149c76eb4a9bab194402a156",
                "sha256:51c6d3cf7a1f1fbe134bb92f33b7affd94d6de24cd64b466eb12de52120fb8c6",
                "sha256:59f78b5da34ddcffb663b772f7619e296518712e022e57fc5d9f921818e2ab7c",
                "sha256:6f29115b0c330da25a04f48612d75333bca04521181a666ca0b8761005a99150",
                "sha256:73d4e1e1ef5e52d526c92f07d16329e1678612c6a81dd8101fdcae11a72de15c",
                "sha256:9b48d31f8d881713fd461abfe7acbb4dcfeb47cec3056aa83f2fbcd2244577f7",
                "sha256:a1fd575dd058e10ad4c35065e7c3007cc74d142f622b14e168d8a273a2fa8713",
                "sha256:b3dd1052afd436ba737e61f5d3bed1f43a7f9a33fc58fbe4226eb919a7006019",
                "sha256:b99c25ed5c355b35d1e6dae87ac7297a4844a57dc5766b173b88b6163a36eb0d",
                "sha256:c056e86bff5a0b566e0d9fab4f67e83b12ae9cbcd250d334cbe2005bbe8c96f2",
                "sha256:c45b49b59a5724869899798e1bbd447ac486215269511d3b76b4c235a1b766b6",
                "sha256:cd623170c729a865037828e3f99f8ebdb22a467177a539680dfc5670b74c84e2",
                "sha256:d25d3311794e6c71b608d7c47651c8f65eea5ab15358a27f29330b3475e8f8e5",
                "sha256:d695439c201ed340745250f9eb4dfe8d32bf1e680c16477107b8f3ce4bff4fdb",
                "sha256:d77f6c9133d2aabb290a7846aaa74ec14d7b5ab35b01591fac5a70c4a8c959a2",
                "sha256:d894a2442d2cd20a3b0b0dce5a353d316c57d25a2b445e03f7eac90eee27b8af",
                "sha256:db643ce2b58a4bd11a82348225c53c76ecdd82bb37cf4c085e6df1b676f4038c",
                "sha256:e3a0c43a26dfed955b2a06fdc4d51d2c51bc2200aff8ce8faf14e676ea8c8862",
                "sha256:e77bf79ad1ccae672eab22453838382fe9029fc27c8029e84913855512a587d8",
                "sha256:f2f0174cb15435957d3b751093f89aede77df59a499ab7516bbb633b77ead13a",
                "sha256:f3031c78edf10315abe232254e6a36b65afe65fded41ee54ed7976d0b2cdf0da",
                "sha256:f4c007156732866aa4507d619fe6f8f2748caabed4f66b276ccd97c82572620c",
                "sha256:f4f27ff3dd80bc7c402def211a47291ea123d59a23f59fe18fc0e81e3e71f385",
                "sha256:f57744fc61e118b5d114ae8077d8eb9df4d2d2c11e2af194e21f0c11ed9dcf6c",
                "sha256:f835015a825980b65356e9520979a1564c56efea7da7d4b68a14d4a07a3a7336"
            ],
            "markers": "python_version >= '3.6'",
            "version": "==1.6.2"
        }
    },
    "develop": {
        "yapf": {
            "hashes": [
                "sha256:3000abee4c28daebad55da6c85f3cd07b8062ce48e2e9943c8da1b9667d48427",
                "sha256:3abf61ba67cf603069710d30acbc88cfe565d907e16ad81429ae90ce9651e0c9"
            ],
            "index": "pypi",
            "version": "==0.30.0"
        }
    }
}
